
Microsoft Visual Studio Solution File, Format Version 12.00
# Visual Studio 15
VisualStudioVersion = 15.0.28307.329
MinimumVisualStudioVersion = 10.0.40219.1
Project("{FAE04EC0-301F-11D3-BF4B-00C04F79EFBC}") = "BaGet.Indexer", "BaGet.Indexer\BaGet.Indexer.csproj", "{19FA3141-78C7-450F-91C7-37DA5F6F82A5}"
EndProject
Global
	GlobalSection(SolutionConfigurationPlatforms) = preSolution
		Debug|Any CPU = Debug|Any CPU
		Release|Any CPU = Release|Any CPU
	EndGlobalSection
	GlobalSection(ProjectConfigurationPlatforms) = postSolution
		{19FA3141-78C7-450F-91C7-37DA5F6F82A5}.Debug|Any CPU.ActiveCfg = Debug|Any CPU
		{19FA3141-78C7-450F-91C7-37DA5F6F82A5}.Debug|Any CPU.Build.0 = Debug|Any CPU
		{19FA3141-78C7-450F-91C7-37DA5F6F82A5}.Release|Any CPU.ActiveCfg = Release|Any CPU
		{19FA3141-78C7-450F-91C7-37DA5F6F82A5}.Release|Any CPU.Build.0 = Release|Any CPU
	EndGlobalSection
	GlobalSection(SolutionProperties) = preSolution
		HideSolutionNode = FALSE
	EndGlobalSection
	GlobalSection(ExtensibilityGlobals) = postSolution
		SolutionGuid = {1EE85AB0-07B6-43F7-97B0-240314CCE5A7}
	EndGlobalSection
EndGlobal
